// !$*UTF8*$!
{
	archiveVersion = 1;
	classes = {
	};
	objectVersion = 56;
	objects = {

/* Begin PBXBuildFile section */
		4A1456EC2B745105000A9CF8 /* ListingDetailViewApp.swift in Sources */ = {isa = PBXBuildFile; fileRef = 4A1456EB2B745105000A9CF8 /* ListingDetailViewApp.swift */; };
		4A1456EE2B745105000A9CF8 /* ContentView.swift in Sources */ = {isa = PBXBuildFile; fileRef = 4A1456ED2B745105000A9CF8 /* ContentView.swift */; };
		4A1456F02B745106000A9CF8 /* Assets.xcassets in Resources */ = {isa = PBXBuildFile; fileRef = 4A1456EF2B745106000A9CF8 /* Assets.xcassets */; };
		4A1456F32B745106000A9CF8 /* Preview Assets.xcassets in Resources */ = {isa = PBXBuildFile; fileRef = 4A1456F22B745106000A9CF8 /* Preview Assets.xcassets */; };
		4A1456FD2B745106000A9CF8 /* ListingDetailViewTests.swift in Sources */ = {isa = PBXBuildFile; fileRef = 4A1456FC2B745106000A9CF8 /* ListingDetailViewTests.swift */; };
		4A1457072B745106000A9CF8 /* ListingDetailViewUITests.swift in Sources */ = {isa = PBXBuildFile; fileRef = 4A1457062B745106000A9CF8 /* ListingDetailViewUITests.swift */; };
		4A1457092B745106000A9CF8 /* ListingDetailViewUITestsLaunchTests.swift in Sources */ = {isa = PBXBuildFile; fileRef = 4A1457082B745106000A9CF8 /* ListingDetailViewUITestsLaunchTests.swift */; };
/* End PBXBuildFile section */

/* Begin PBXContainerItemProxy section */
		4A1456F92B745106000A9CF8 /* PBXContainerItemProxy */ = {
			isa = PBXContainerItemProxy;
			containerPortal = 4A1456E02B745105000A9CF8 /* Project object */;
			proxyType = 1;
			remoteGlobalIDString = 4A1456E72B745105000A9CF8;
			remoteInfo = ListingDetailView;
		};
		4A1457032B745106000A9CF8 /* PBXContainerItemProxy */ = {
			isa = PBXContainerItemProxy;
			containerPortal = 4A1456E02B745105000A9CF8 /* Project object */;
			proxyType = 1;
			remoteGlobalIDString = 4A1456E72B745105000A9CF8;
			remoteInfo = ListingDetailView;
		};
/* End PBXContainerItemProxy section */

/* Begin PBXFileReference section */
		4A1456E82B745105000A9CF8 /* ListingDetailView.app */ = {isa = PBXFileReference; explicitFileType = wrapper.application; includeInIndex = 0; path = ListingDetailView.app; sourceTree = BUILT_PRODUCTS_DIR; };
		4A1456EB2B745105000A9CF8 /* ListingDetailViewApp.swift */ = {isa = PBXFileReference; lastKnownFileType = sourcecode.swift; path = ListingDetailViewApp.swift; sourceTree = "<group>"; };
		4A1456ED2B745105000A9CF8 /* ContentView.swift */ = {isa = PBXFileReference; lastKnownFileType = sourcecode.swift; path = ContentView.swift; sourceTree = "<group>"; };
		4A1456EF2B745106000A9CF8 /* Assets.xcassets */ = {isa = PBXFileReference; lastKnownFileType = folder.assetcatalog; path = Assets.xcassets; sourceTree = "<group>"; };
		4A1456F22B745106000A9CF8 /* Preview Assets.xcassets */ = {isa = PBXFileReference; lastKnownFileType = folder.assetcatalog; path = "Preview Assets.xcassets"; sourceTree = "<group>"; };
		4A1456F82B745106000A9CF8 /* ListingDetailViewTests.xctest */ = {isa = PBXFileReference; explicitFileType = wrapper.cfbundle; includeInIndex = 0; path = ListingDetailViewTests.xctest; sourceTree = BUILT_PRODUCTS_DIR; };
		4A1456FC2B745106000A9CF8 /* ListingDetailViewTests.swift */ = {isa = PBXFileReference; lastKnownFileType = sourcecode.swift; path = ListingDetailViewTests.swift; sourceTree = "<group>"; };
		4A1457022B745106000A9CF8 /* ListingDetailViewUITests.xctest */ = {isa = PBXFileReference; explicitFileType = wrapper.cfbundle; includeInIndex = 0; path = ListingDetailViewUITests.xctest; sourceTree = BUILT_PRODUCTS_DIR; };
		4A1457062B745106000A9CF8 /* ListingDetailViewUITests.swift */ = {isa = PBXFileReference; lastKnownFileType = sourcecode.swift; path = ListingDetailViewUITests.swift; sourceTree = "<group>"; };
		4A1457082B745106000A9CF8 /* ListingDetailViewUITestsLaunchTests.swift */ = {isa = PBXFileReference; lastKnownFileType = sourcecode.swift; path = ListingDetailViewUITestsLaunchTests.swift; sourceTree = "<group>"; };
/* End PBXFileReference section */

/* Begin PBXFrameworksBuildPhase section */
		4A1456E52B745105000A9CF8 /* Frameworks */ = {
			isa = PBXFrameworksBuildPhase;
			buildActionMask = 2147483647;
			files = (
			);
			runOnlyForDeploymentPostprocessing = 0;
		};
		4A1456F52B745106000A9CF8 /* Frameworks */ = {
			isa = PBXFrameworksBuildPhase;
			buildActionMask = 2147483647;
			files = (
			);
			runOnlyForDeploymentPostprocessing = 0;
		};
		4A1456FF2B745106000A9CF8 /* Frameworks */ = {
			isa = PBXFrameworksBuildPhase;
			buildActionMask = 2147483647;
			files = (
			);
			runOnlyForDeploymentPostprocessing = 0;
		};
/* End PBXFrameworksBuildPhase section */

/* Begin PBXGroup section */
		4A1456DF2B745105000A9CF8 = {
			isa = PBXGroup;
			children = (
				4A1456EA2B745105000A9CF8 /* ListingDetailView */,
				4A1456FB2B745106000A9CF8 /* ListingDetailViewTests */,
				4A1457052B745106000A9CF8 /* ListingDetailViewUITests */,
				4A1456E92B745105000A9CF8 /* Products */,
			);
			sourceTree = "<group>";
		};
		4A1456E92B745105000A9CF8 /* Products */ = {
			isa = PBXGroup;
			children = (
				4A1456E82B745105000A9CF8 /* ListingDetailView.app */,
				4A1456F82B745106000A9CF8 /* ListingDetailViewTests.xctest */,
				4A1457022B745106000A9CF8 /* ListingDetailViewUITests.xctest */,
			);
			name = Products;
			sourceTree = "<group>";
		};
		4A1456EA2B745105000A9CF8 /* ListingDetailView */ = {
			isa = PBXGroup;
			children = (
				4A1456EB2B745105000A9CF8 /* ListingDetailViewApp.swift */,
				4A1456ED2B745105000A9CF8 /* ContentView.swift */,
				4A1456EF2B745106000A9CF8 /* Assets.xcassets */,
				4A1456F12B745106000A9CF8 /* Preview Content */,
			);
			path = ListingDetailView;
			sourceTree = "<group>";
		};
		4A1456F12B745106000A9CF8 /* Preview Content */ = {
			isa = PBXGroup;
			children = (
				4A1456F22B745106000A9CF8 /* Preview Assets.xcassets */,
			);
			path = "Preview Content";
			sourceTree = "<group>";
		};
		4A1456FB2B745106000A9CF8 /* ListingDetailViewTests */ = {
			isa = PBXGroup;
			children = (
				4A1456FC2B745106000A9CF8 /* ListingDetailViewTests.swift */,
			);
			path = ListingDetailViewTests;
			sourceTree = "<group>";
		};
		4A1457052B745106000A9CF8 /* ListingDetailViewUITests */ = {
			isa = PBXGroup;
			children = (
				4A1457062B745106000A9CF8 /* ListingDetailViewUITests.swift */,
				4A1457082B745106000A9CF8 /* ListingDetailViewUITestsLaunchTests.swift */,
			);
			path = ListingDetailViewUITests;
			sourceTree = "<group>";
		};
/* End PBXGroup section */

/* Begin PBXNativeTarget section */
		4A1456E72B745105000A9CF8 /* ListingDetailView */ = {
			isa = PBXNativeTarget;
			buildConfigurationList = 4A14570C2B745106000A9CF8 /* Build configuration list for PBXNativeTarget "ListingDetailView" */;
			buildPhases = (
				4A1456E42B745105000A9CF8 /* Sources */,
				4A1456E52B745105000A9CF8 /* Frameworks */,
				4A1456E62B745105000A9CF8 /* Resources */,
			);
			buildRules = (
			);
			dependencies = (
			);
			name = ListingDetailView;
			productName = ListingDetailView;
			productReference = 4A1456E82B745105000A9CF8 /* ListingDetailView.app */;
			productType = "com.apple.product-type.application";
		};
		4A1456F72B745106000A9CF8 /* ListingDetailViewTests */ = {
			isa = PBXNativeTarget;
			buildConfigurationList = 4A14570F2B745106000A9CF8 /* Build configuration list for PBXNativeTarget "ListingDetailViewTests" */;
			buildPhases = (
				4A1456F42B745106000A9CF8 /* Sources */,
				4A1456F52B745106000A9CF8 /* Frameworks */,
				4A1456F62B745106000A9CF8 /* Resources */,
			);
			buildRules = (
			);
			dependencies = (
				4A1456FA2B745106000A9CF8 /* PBXTargetDependency */,
			);
			name = ListingDetailViewTests;
			productName = ListingDetailViewTests;
			productReference = 4A1456F82B745106000A9CF8 /* ListingDetailViewTests.xctest */;
			productType = "com.apple.product-type.bundle.unit-test";
		};
		4A1457012B745106000A9CF8 /* ListingDetailViewUITests */ = {
			isa = PBXNativeTarget;
			buildConfigurationList = 4A1457122B745106000A9CF8 /* Build configuration list for PBXNativeTarget "ListingDetailViewUITests" */;
			buildPhases = (
				4A1456FE2B745106000A9CF8 /* Sources */,
				4A1456FF2B745106000A9CF8 /* Frameworks */,
				4A1457002B745106000A9CF8 /* Resources */,
			);
			buildRules = (
			);
			dependencies = (
				4A1457042B745106000A9CF8 /* PBXTargetDependency */,
			);
			name = ListingDetailViewUITests;
			productName = ListingDetailViewUITests;
			productReference = 4A1457022B745106000A9CF8 /* ListingDetailViewUITests.xctest */;
			productType = "com.apple.product-type.bundle.ui-testing";
		};
/* End PBXNativeTarget section */

/* Begin PBXProject section */
		4A1456E02B745105000A9CF8 /* Project object */ = {
			isa = PBXProject;
			attributes = {
				BuildIndependentTargetsInParallel = 1;
				LastSwiftUpdateCheck = 1520;
				LastUpgradeCheck = 1520;
				TargetAttributes = {
					4A1456E72B745105000A9CF8 = {
						CreatedOnToolsVersion = 15.2;
					};
					4A1456F72B745106000A9CF8 = {
						CreatedOnToolsVersion = 15.2;
						TestTargetID = 4A1456E72B745105000A9CF8;
					};
					4A1457012B745106000A9CF8 = {
						CreatedOnToolsVersion = 15.2;
						TestTargetID = 4A1456E72B745105000A9CF8;
					};
				};
			};
			buildConfigurationList = 4A1456E32B745105000A9CF8 /* Build configuration list for PBXProject "ListingDetailView" */;
			compatibilityVersion = "Xcode 14.0";
			developmentRegion = en;
			hasScannedForEncodings = 0;
			knownRegions = (
				en,
				Base,
			);
			mainGroup = 4A1456DF2B745105000A9CF8;
			productRefGroup = 4A1456E92B745105000A9CF8 /* Products */;
			projectDirPath = "";
			projectRoot = "";
			targets = (
				4A1456E72B745105000A9CF8 /* ListingDetailView */,
				4A1456F72B745106000A9CF8 /* ListingDetailViewTests */,
				4A1457012B745106000A9CF8 /* ListingDetailViewUITests */,
			);
		};
/* End PBXProject section */

/* Begin PBXResourcesBuildPhase section */
		4A1456E62B745105000A9CF8 /* Resources */ = {
			isa = PBXResourcesBuildPhase;
			buildActionMask = 2147483647;
			files = (
				4A1456F32B745106000A9CF8 /* Preview Assets.xcassets in Resources */,
				4A1456F02B745106000A9CF8 /* Assets.xcassets in Resources */,
			);
			runOnlyForDeploymentPostprocessing = 0;
		};
		4A1456F62B745106000A9CF8 /* Resources */ = {
			isa = PBXResourcesBuildPhase;
			buildActionMask = 2147483647;
			files = (
			);
			runOnlyForDeploymentPostprocessing = 0;
		};
		4A1457002B745106000A9CF8 /* Resources */ = {
			isa = PBXResourcesBuildPhase;
			buildActionMask = 2147483647;
			files = (
			);
			runOnlyForDeploymentPostprocessing = 0;
		};
/* End PBXResourcesBuildPhase section */

/* Begin PBXSourcesBuildPhase section */
		4A1456E42B745105000A9CF8 /* Sources */ = {
			isa = PBXSourcesBuildPhase;
			buildActionMask = 2147483647;
			files = (
				4A1456EE2B745105000A9CF8 /* ContentView.swift in Sources */,
				4A1456EC2B745105000A9CF8 /* ListingDetailViewApp.swift in Sources */,
			);
			runOnlyForDeploymentPostprocessing = 0;
		};
		4A1456F42B745106000A9CF8 /* Sources */ = {
			isa = PBXSourcesBuildPhase;
			buildActionMask = 2147483647;
			files = (
				4A1456FD2B745106000A9CF8 /* ListingDetailViewTests.swift in Sources */,
			);
			runOnlyForDeploymentPostprocessing = 0;
		};
		4A1456FE2B745106000A9CF8 /* Sources */ = {
			isa = PBXSourcesBuildPhase;
			buildActionMask = 2147483647;
			files = (
				4A1457072B745106000A9CF8 /* ListingDetailViewUITests.swift in Sources */,
				4A1457092B745106000A9CF8 /* ListingDetailViewUITestsLaunchTests.swift in Sources */,
			);
			runOnlyForDeploymentPostprocessing = 0;
		};
/* End PBXSourcesBuildPhase section */

/* Begin PBXTargetDependency section */
		4A1456FA2B745106000A9CF8 /* PBXTargetDependency */ = {
			isa = PBXTargetDependency;
			target = 4A1456E72B745105000A9CF8 /* ListingDetailView */;
			targetProxy = 4A1456F92B745106000A9CF8 /* PBXContainerItemProxy */;
		};
		4A1457042B745106000A9CF8 /* PBXTargetDependency */ = {
			isa = PBXTargetDependency;
			target = 4A1456E72B745105000A9CF8 /* ListingDetailView */;
			targetProxy = 4A1457032B745106000A9CF8 /* PBXContainerItemProxy */;
		};
/* End PBXTargetDependency section */

/* Begin XCBuildConfiguration section */
		4A14570A2B745106000A9CF8 /* Debug */ = {
			isa = XCBuildConfiguration;
			buildSettings = {
				ALWAYS_SEARCH_USER_PATHS = NO;
				ASSETCATALOG_COMPILER_GENERATE_SWIFT_ASSET_SYMBOL_EXTENSIONS = YES;
				CLANG_ANALYZER_NONNULL = YES;
				CLANG_ANALYZER_NUMBER_OBJECT_CONVERSION = YES_AGGRESSIVE;
				CLANG_CXX_LANGUAGE_STANDARD = "gnu++20";
				CLANG_ENABLE_MODULES = YES;
				CLANG_ENABLE_OBJC_ARC = YES;
				CLANG_ENABLE_OBJC_WEAK = YES;
				CLANG_WARN_BLOCK_CAPTURE_AUTORELEASING = YES;
				CLANG_WARN_BOOL_CONVERSION = YES;
				CLANG_WARN_COMMA = YES;
				CLANG_WARN_CONSTANT_CONVERSION = YES;
				CLANG_WARN_DEPRECATED_OBJC_IMPLEMENTATIONS = YES;
				CLANG_WARN_DIRECT_OBJC_ISA_USAGE = YES_ERROR;
				CLANG_WARN_DOCUMENTATION_COMMENTS = YES;
				CLANG_WARN_EMPTY_BODY = YES;
				CLANG_WARN_ENUM_CONVERSION = YES;
				CLANG_WARN_INFINITE_RECURSION = YES;
				CLANG_WARN_INT_CONVERSION = YES;
				CLANG_WARN_NON_LITERAL_NULL_CONVERSION = YES;
				CLANG_WARN_OBJC_IMPLICIT_RETAIN_SELF = YES;
				CLANG_WARN_OBJC_LITERAL_CONVERSION = YES;
				CLANG_WARN_OBJC_ROOT_CLASS = YES_ERROR;
				CLANG_WARN_QUOTED_INCLUDE_IN_FRAMEWORK_HEADER = YES;
				CLANG_WARN_RANGE_LOOP_ANALYSIS = YES;
				CLANG_WARN_STRICT_PROTOTYPES = YES;
				CLANG_WARN_SUSPICIOUS_MOVE = YES;
				CLANG_WARN_UNGUARDED_AVAILABILITY = YES_AGGRESSIVE;
				CLANG_WARN_UNREACHABLE_CODE = YES;
				CLANG_WARN__DUPLICATE_METHOD_MATCH = YES;
				COPY_PHASE_STRIP = NO;
				DEBUG_INFORMATION_FORMAT = dwarf;
				ENABLE_STRICT_OBJC_MSGSEND = YES;
				ENABLE_TESTABILITY = YES;
				ENABLE_USER_SCRIPT_SANDBOXING = YES;
				GCC_C_LANGUAGE_STANDARD = gnu17;
				GCC_DYNAMIC_NO_PIC = NO;
				GCC_NO_COMMON_BLOCKS = YES;
				GCC_OPTIMIZATION_LEVEL = 0;
				GCC_PREPROCESSOR_DEFINITIONS = (
					"DEBUG=1",
					"$(inherited)",
				);
				GCC_WARN_64_TO_32_BIT_CONVERSION = YES;
				GCC_WARN_ABOUT_RETURN_TYPE = YES_ERROR;
				GCC_WARN_UNDECLARED_SELECTOR = YES;
				GCC_WARN_UNINITIALIZED_AUTOS = YES_AGGRESSIVE;
				GCC_WARN_UNUSED_FUNCTION = YES;
				GCC_WARN_UNUSED_VARIABLE = YES;
				IPHONEOS_DEPLOYMENT_TARGET = 17.2;
				LOCALIZATION_PREFERS_STRING_CATALOGS = YES;
				MTL_ENABLE_DEBUG_INFO = INCLUDE_SOURCE;
				MTL_FAST_MATH = YES;
				ONLY_ACTIVE_ARCH = YES;
				SDKROOT = iphoneos;
				SWIFT_ACTIVE_COMPILATION_CONDITIONS = "DEBUG $(inherited)";
				SWIFT_OPTIMIZATION_LEVEL = "-Onone";
			};
			name = Debug;
		};
		4A14570B2B745106000A9CF8 /* Release */ = {
			isa = XCBuildConfiguration;
			buildSettings = {
				ALWAYS_SEARCH_USER_PATHS = NO;
				ASSETCATALOG_COMPILER_GENERATE_SWIFT_ASSET_SYMBOL_EXTENSIONS = YES;
				CLANG_ANALYZER_NONNULL = YES;
				CLANG_ANALYZER_NUMBER_OBJECT_CONVERSION = YES_AGGRESSIVE;
				CLANG_CXX_LANGUAGE_STANDARD = "gnu++20";
				CLANG_ENABLE_MODULES = YES;
				CLANG_ENABLE_OBJC_ARC = YES;
				CLANG_ENABLE_OBJC_WEAK = YES;
				CLANG_WARN_BLOCK_CAPTURE_AUTORELEASING = YES;
				CLANG_WARN_BOOL_CONVERSION = YES;
				CLANG_WARN_COMMA = YES;
				CLANG_WARN_CONSTANT_CONVERSION = YES;
				CLANG_WARN_DEPRECATED_OBJC_IMPLEMENTATIONS = YES;
				CLANG_WARN_DIRECT_OBJC_ISA_USAGE = YES_ERROR;
				CLANG_WARN_DOCUMENTATION_COMMENTS = YES;
				CLANG_WARN_EMPTY_BODY = YES;
				CLANG_WARN_ENUM_CONVERSION = YES;
				CLANG_WARN_INFINITE_RECURSION = YES;
				CLANG_WARN_INT_CONVERSION = YES;
				CLANG_WARN_NON_LITERAL_NULL_CONVERSION = YES;
				CLANG_WARN_OBJC_IMPLICIT_RETAIN_SELF = YES;
				CLANG_WARN_OBJC_LITERAL_CONVERSION = YES;
				CLANG_WARN_OBJC_ROOT_CLASS = YES_ERROR;
				CLANG_WARN_QUOTED_INCLUDE_IN_FRAMEWORK_HEADER = YES;
				CLANG_WARN_RANGE_LOOP_ANALYSIS = YES;
				CLANG_WARN_STRICT_PROTOTYPES = YES;
				CLANG_WARN_SUSPICIOUS_MOVE = YES;
				CLANG_WARN_UNGUARDED_AVAILABILITY = YES_AGGRESSIVE;
				CLANG_WARN_UNREACHABLE_CODE = YES;
				CLANG_WARN__DUPLICATE_METHOD_MATCH = YES;
				COPY_PHASE_STRIP = NO;
				DEBUG_INFORMATION_FORMAT = "dwarf-with-dsym";
				ENABLE_NS_ASSERTIONS = NO;
				ENABLE_STRICT_OBJC_MSGSEND = YES;
				ENABLE_USER_SCRIPT_SANDBOXING = YES;
				GCC_C_LANGUAGE_STANDARD = gnu17;
				GCC_NO_COMMON_BLOCKS = YES;
				GCC_WARN_64_TO_32_BIT_CONVERSION = YES;
				GCC_WARN_ABOUT_RETURN_TYPE = YES_ERROR;
				GCC_WARN_UNDECLARED_SELECTOR = YES;
				GCC_WARN_UNINITIALIZED_AUTOS = YES_AGGRESSIVE;
				GCC_WARN_UNUSED_FUNCTION = YES;
				GCC_WARN_UNUSED_VARIABLE = YES;
				IPHONEOS_DEPLOYMENT_TARGET = 17.2;
				LOCALIZATION_PREFERS_STRING_CATALOGS = YES;
				MTL_ENABLE_DEBUG_INFO = NO;
				MTL_FAST_MATH = YES;
				SDKROOT = iphoneos;
				SWIFT_COMPILATION_MODE = wholemodule;
				VALIDATE_PRODUCT = YES;
			};
			name = Release;
		};
		4A14570D2B745106000A9CF8 /* Debug */ = {
			isa = XCBuildConfiguration;
			buildSettings = {
				ASSETCATALOG_COMPILER_APPICON_NAME = AppIcon;
				ASSETCATALOG_COMPILER_GLOBAL_ACCENT_COLOR_NAME = AccentColor;
				CODE_SIGN_STYLE = Automatic;
				CURRENT_PROJECT_VERSION = 1;
				DEVELOPMENT_ASSET_PATHS = "\"ListingDetailView/Preview Content\"";
				ENABLE_PREVIEWS = YES;
				GENERATE_INFOPLIST_FILE = YES;
				INFOPLIST_KEY_UIApplicationSceneManifest_Generation = YES;
				INFOPLIST_KEY_UIApplicationSupportsIndirectInputEvents = YES;
				INFOPLIST_KEY_UILaunchScreen_Generation = YES;
				INFOPLIST_KEY_UISupportedInterfaceOrientations_iPad = "UIInterfaceOrientationPortrait UIInterfaceOrientationPortraitUpsideDown UIInterfaceOrientationLandscapeLeft UIInterfaceOrientationLandscapeRight";
				INFOPLIST_KEY_UISupportedInterfaceOrientations_iPhone = "UIInterfaceOrientationPortrait UIInterfaceOrientationLandscapeLeft UIInterfaceOrientationLandscapeRight";
				LD_RUNPATH_SEARCH_PATHS = (
					"$(inherited)",
					"@executable_path/Frameworks",
				);
				MARKETING_VERSION = 1.0;
				PRODUCT_BUNDLE_IDENTIFIER = iosclub.ListingDetailView;
				PRODUCT_NAME = "$(TARGET_NAME)";
				SWIFT_EMIT_LOC_STRINGS = YES;
				SWIFT_VERSION = 5.0;
				TARGETED_DEVICE_FAMILY = "1,2";
			};
			name = Debug;
		};
		4A14570E2B745106000A9CF8 /* Release */ = {
			isa = XCBuildConfiguration;
			buildSettings = {
				ASSETCATALOG_COMPILER_APPICON_NAME = AppIcon;
				ASSETCATALOG_COMPILER_GLOBAL_ACCENT_COLOR_NAME = AccentColor;
				CODE_SIGN_STYLE = Automatic;
				CURRENT_PROJECT_VERSION = 1;
				DEVELOPMENT_ASSET_PATHS = "\"ListingDetailView/Preview Content\"";
				ENABLE_PREVIEWS = YES;
				GENERATE_INFOPLIST_FILE = YES;
				INFOPLIST_KEY_UIApplicationSceneManifest_Generation = YES;
				INFOPLIST_KEY_UIApplicationSupportsIndirectInputEvents = YES;
				INFOPLIST_KEY_UILaunchScreen_Generation = YES;
				INFOPLIST_KEY_UISupportedInterfaceOrientations_iPad = "UIInterfaceOrientationPortrait UIInterfaceOrientationPortraitUpsideDown UIInterfaceOrientationLandscapeLeft UIInterfaceOrientationLandscapeRight";
				INFOPLIST_KEY_UISupportedInterfaceOrientations_iPhone = "UIInterfaceOrientationPortrait UIInterfaceOrientationLandscapeLeft UIInterfaceOrientationLandscapeRight";
				LD_RUNPATH_SEARCH_PATHS = (
					"$(inherited)",
					"@executable_path/Frameworks",
				);
				MARKETING_VERSION = 1.0;
				PRODUCT_BUNDLE_IDENTIFIER = iosclub.ListingDetailView;
				PRODUCT_NAME = "$(TARGET_NAME)";
				SWIFT_EMIT_LOC_STRINGS = YES;
				SWIFT_VERSION = 5.0;
				TARGETED_DEVICE_FAMILY = "1,2";
			};
			name = Release;
		};
		4A1457102B745106000A9CF8 /* Debug */ = {
			isa = XCBuildConfiguration;
			buildSettings = {
				ALWAYS_EMBED_SWIFT_STANDARD_LIBRARIES = YES;
				BUNDLE_LOADER = "$(TEST_HOST)";
				CODE_SIGN_STYLE = Automatic;
				CURRENT_PROJECT_VERSION = 1;
				GENERATE_INFOPLIST_FILE = YES;
				IPHONEOS_DEPLOYMENT_TARGET = 17.2;
				MARKETING_VERSION = 1.0;
				PRODUCT_BUNDLE_IDENTIFIER = iosclub.ListingDetailViewTests;
				PRODUCT_NAME = "$(TARGET_NAME)";
				SWIFT_EMIT_LOC_STRINGS = NO;
				SWIFT_VERSION = 5.0;
				TARGETED_DEVICE_FAMILY = "1,2";
				TEST_HOST = "$(BUILT_PRODUCTS_DIR)/ListingDetailView.app/$(BUNDLE_EXECUTABLE_FOLDER_PATH)/ListingDetailView";
			};
			name = Debug;
		};
		4A1457112B745106000A9CF8 /* Release */ = {
			isa = XCBuildConfiguration;
			buildSettings = {
				ALWAYS_EMBED_SWIFT_STANDARD_LIBRARIES = YES;
				BUNDLE_LOADER = "$(TEST_HOST)";
				CODE_SIGN_STYLE = Automatic;
				CURRENT_PROJECT_VERSION = 1;
				GENERATE_INFOPLIST_FILE = YES;
				IPHONEOS_DEPLOYMENT_TARGET = 17.2;
				MARKETING_VERSION = 1.0;
				PRODUCT_BUNDLE_IDENTIFIER = iosclub.ListingDetailViewTests;
				PRODUCT_NAME = "$(TARGET_NAME)";
				SWIFT_EMIT_LOC_STRINGS = NO;
				SWIFT_VERSION = 5.0;
				TARGETED_DEVICE_FAMILY = "1,2";
				TEST_HOST = "$(BUILT_PRODUCTS_DIR)/ListingDetailView.app/$(BUNDLE_EXECUTABLE_FOLDER_PATH)/ListingDetailView";
			};
			name = Release;
		};
		4A1457132B745106000A9CF8 /* Debug */ = {
			isa = XCBuildConfiguration;
			buildSettings = {
				ALWAYS_EMBED_SWIFT_STANDARD_LIBRARIES = YES;
				CODE_SIGN_STYLE = Automatic;
				CURRENT_PROJECT_VERSION = 1;
				GENERATE_INFOPLIST_FILE = YES;
				MARKETING_VERSION = 1.0;
				PRODUCT_BUNDLE_IDENTIFIER = iosclub.ListingDetailViewUITests;
				PRODUCT_NAME = "$(TARGET_NAME)";
				SWIFT_EMIT_LOC_STRINGS = NO;
				SWIFT_VERSION = 5.0;
				TARGETED_DEVICE_FAMILY = "1,2";
				TEST_TARGET_NAME = ListingDetailView;
			};
			name = Debug;
		};
		4A1457142B745106000A9CF8 /* Release */ = {
			isa = XCBuildConfiguration;
			buildSettings = {
				ALWAYS_EMBED_SWIFT_STANDARD_LIBRARIES = YES;
				CODE_SIGN_STYLE = Automatic;
				CURRENT_PROJECT_VERSION = 1;
				GENERATE_INFOPLIST_FILE = YES;
				MARKETING_VERSION = 1.0;
				PRODUCT_BUNDLE_IDENTIFIER = iosclub.ListingDetailViewUITests;
				PRODUCT_NAME = "$(TARGET_NAME)";
				SWIFT_EMIT_LOC_STRINGS = NO;
				SWIFT_VERSION = 5.0;
				TARGETED_DEVICE_FAMILY = "1,2";
				TEST_TARGET_NAME = ListingDetailView;
			};
			name = Release;
		};
/* End XCBuildConfiguration section */

/* Begin XCConfigurationList section */
		4A1456E32B745105000A9CF8 /* Build configuration list for PBXProject "ListingDetailView" */ = {
			isa = XCConfigurationList;
			buildConfigurations = (
				4A14570A2B745106000A9CF8 /* Debug */,
				4A14570B2B745106000A9CF8 /* Release */,
			);
			defaultConfigurationIsVisible = 0;
			defaultConfigurationName = Release;
		};
		4A14570C2B745106000A9CF8 /* Build configuration list for PBXNativeTarget "ListingDetailView" */ = {
			isa = XCConfigurationList;
			buildConfigurations = (
				4A14570D2B745106000A9CF8 /* Debug */,
				4A14570E2B745106000A9CF8 /* Release */,
			);
			defaultConfigurationIsVisible = 0;
			defaultConfigurationName = Release;
		};
		4A14570F2B745106000A9CF8 /* Build configuration list for PBXNativeTarget "ListingDetailViewTests" */ = {
			isa = XCConfigurationList;
			buildConfigurations = (
				4A1457102B745106000A9CF8 /* Debug */,
				4A1457112B745106000A9CF8 /* Release */,
			);
			defaultConfigurationIsVisible = 0;
			defaultConfigurationName = Release;
		};
		4A1457122B745106000A9CF8 /* Build configuration list for PBXNativeTarget "ListingDetailViewUITests" */ = {
			isa = XCConfigurationList;
			buildConfigurations = (
				4A1457132B745106000A9CF8 /* Debug */,
				4A1457142B745106000A9CF8 /* Release */,
			);
			defaultConfigurationIsVisible = 0;
			defaultConfigurationName = Release;
		};
/* End XCConfigurationList section */
	};
	rootObject = 4A1456E02B745105000A9CF8 /* Project object */;
}
